// !$*UTF8*$!
{
	archiveVersion = 1;
	classes = {
	};
	objectVersion = 46;
	objects = {

/* Begin PBXBuildFile section */
		277A223518F0E21F001C3461 /* Foundation.framework in Frameworks */ = {isa = PBXBuildFile; fileRef = 277A223418F0E21F001C3461 /* Foundation.framework */; };
		277A223718F0E21F001C3461 /* CoreGraphics.framework in Frameworks */ = {isa = PBXBuildFile; fileRef = 277A223618F0E21F001C3461 /* CoreGraphics.framework */; };
		277A223918F0E21F001C3461 /* UIKit.framework in Frameworks */ = {isa = PBXBuildFile; fileRef = 277A223818F0E21F001C3461 /* UIKit.framework */; };
		277A223B18F0E220001C3461 /* CoreData.framework in Frameworks */ = {isa = PBXBuildFile; fileRef = 277A223A18F0E220001C3461 /* CoreData.framework */; };
		277A224118F0E220001C3461 /* InfoPlist.strings in Resources */ = {isa = PBXBuildFile; fileRef = 277A223F18F0E220001C3461 /* InfoPlist.strings */; };
		277A224318F0E220001C3461 /* main.m in Sources */ = {isa = PBXBuildFile; fileRef = 277A224218F0E220001C3461 /* main.m */; };
		277A224718F0E220001C3461 /* TodosAppDelegate.m in Sources */ = {isa = PBXBuildFile; fileRef = 277A224618F0E220001C3461 /* TodosAppDelegate.m */; };
		277A224A18F0E220001C3461 /* Main.storyboard in Resources */ = {isa = PBXBuildFile; fileRef = 277A224818F0E220001C3461 /* Main.storyboard */; };
		277A224D18F0E220001C3461 /* Todos.xcdatamodeld in Sources */ = {isa = PBXBuildFile; fileRef = 277A224B18F0E220001C3461 /* Todos.xcdatamodeld */; };
		277A225018F0E220001C3461 /* TodosMasterViewController.m in Sources */ = {isa = PBXBuildFile; fileRef = 277A224F18F0E220001C3461 /* TodosMasterViewController.m */; };
		277A225318F0E220001C3461 /* TodosDetailViewController.m in Sources */ = {isa = PBXBuildFile; fileRef = 277A225218F0E220001C3461 /* TodosDetailViewController.m */; };
		277A225518F0E220001C3461 /* Images.xcassets in Resources */ = {isa = PBXBuildFile; fileRef = 277A225418F0E220001C3461 /* Images.xcassets */; };
		277A225C18F0E220001C3461 /* XCTest.framework in Frameworks */ = {isa = PBXBuildFile; fileRef = 277A225B18F0E220001C3461 /* XCTest.framework */; };
		277A225D18F0E220001C3461 /* Foundation.framework in Frameworks */ = {isa = PBXBuildFile; fileRef = 277A223418F0E21F001C3461 /* Foundation.framework */; };
		277A225E18F0E220001C3461 /* UIKit.framework in Frameworks */ = {isa = PBXBuildFile; fileRef = 277A223818F0E21F001C3461 /* UIKit.framework */; };
		277A225F18F0E220001C3461 /* CoreData.framework in Frameworks */ = {isa = PBXBuildFile; fileRef = 277A223A18F0E220001C3461 /* CoreData.framework */; };
		277A226718F0E220001C3461 /* InfoPlist.strings in Resources */ = {isa = PBXBuildFile; fileRef = 277A226518F0E220001C3461 /* InfoPlist.strings */; };
		277A226918F0E220001C3461 /* TodosTests.m in Sources */ = {isa = PBXBuildFile; fileRef = 277A226818F0E220001C3461 /* TodosTests.m */; };
/* End PBXBuildFile section */

/* Begin PBXContainerItemProxy section */
		277A226018F0E220001C3461 /* PBXContainerItemProxy */ = {
			isa = PBXContainerItemProxy;
			containerPortal = 277A222918F0E21F001C3461 /* Project object */;
			proxyType = 1;
			remoteGlobalIDString = 277A223018F0E21F001C3461;
			remoteInfo = Todos;
		};
/* End PBXContainerItemProxy section */

/* Begin PBXFileReference section */
		277A223118F0E21F001C3461 /* Todos.app */ = {isa = PBXFileReference; explicitFileType = wrapper.application; includeInIndex = 0; path = Todos.app; sourceTree = BUILT_PRODUCTS_DIR; };
		277A223418F0E21F001C3461 /* Foundation.framework */ = {isa = PBXFileReference; lastKnownFileType = wrapper.framework; name = Foundation.framework; path = System/Library/Frameworks/Foundation.framework; sourceTree = SDKROOT; };
		277A223618F0E21F001C3461 /* CoreGraphics.framework */ = {isa = PBXFileReference; lastKnownFileType = wrapper.framework; name = CoreGraphics.framework; path = System/Library/Frameworks/CoreGraphics.framework; sourceTree = SDKROOT; };
		277A223818F0E21F001C3461 /* UIKit.framework */ = {isa = PBXFileReference; lastKnownFileType = wrapper.framework; name = UIKit.framework; path = System/Library/Frameworks/UIKit.framework; sourceTree = SDKROOT; };
		277A223A18F0E220001C3461 /* CoreData.framework */ = {isa = PBXFileReference; lastKnownFileType = wrapper.framework; name = CoreData.framework; path = System/Library/Frameworks/CoreData.framework; sourceTree = SDKROOT; };
		277A223E18F0E220001C3461 /* Todos-Info.plist */ = {isa = PBXFileReference; lastKnownFileType = text.plist.xml; path = "Todos-Info.plist"; sourceTree = "<group>"; };
		277A224018F0E220001C3461 /* en */ = {isa = PBXFileReference; lastKnownFileType = text.plist.strings; name = en; path = en.lproj/InfoPlist.strings; sourceTree = "<group>"; };
		277A224218F0E220001C3461 /* main.m */ = {isa = PBXFileReference; lastKnownFileType = sourcecode.c.objc; path = main.m; sourceTree = "<group>"; };
		277A224418F0E220001C3461 /* Todos-Prefix.pch */ = {isa = PBXFileReference; lastKnownFileType = sourcecode.c.h; path = "Todos-Prefix.pch"; sourceTree = "<group>"; };
		277A224518F0E220001C3461 /* TodosAppDelegate.h */ = {isa = PBXFileReference; lastKnownFileType = sourcecode.c.h; path = TodosAppDelegate.h; sourceTree = "<group>"; };
		277A224618F0E220001C3461 /* TodosAppDelegate.m */ = {isa = PBXFileReference; lastKnownFileType = sourcecode.c.objc; path = TodosAppDelegate.m; sourceTree = "<group>"; };
		277A224918F0E220001C3461 /* Base */ = {isa = PBXFileReference; lastKnownFileType = file.storyboard; name = Base; path = Base.lproj/Main.storyboard; sourceTree = "<group>"; };
		277A224C18F0E220001C3461 /* Todos.xcdatamodel */ = {isa = PBXFileReference; lastKnownFileType = wrapper.xcdatamodel; path = Todos.xcdatamodel; sourceTree = "<group>"; };
		277A224E18F0E220001C3461 /* TodosMasterViewController.h */ = {isa = PBXFileReference; lastKnownFileType = sourcecode.c.h; path = TodosMasterViewController.h; sourceTree = "<group>"; };
		277A224F18F0E220001C3461 /* TodosMasterViewController.m */ = {isa = PBXFileReference; lastKnownFileType = sourcecode.c.objc; path = TodosMasterViewController.m; sourceTree = "<group>"; };
		277A225118F0E220001C3461 /* TodosDetailViewController.h */ = {isa = PBXFileReference; lastKnownFileType = sourcecode.c.h; path = TodosDetailViewController.h; sourceTree = "<group>"; };
		277A225218F0E220001C3461 /* TodosDetailViewController.m */ = {isa = PBXFileReference; lastKnownFileType = sourcecode.c.objc; path = TodosDetailViewController.m; sourceTree = "<group>"; };
		277A225418F0E220001C3461 /* Images.xcassets */ = {isa = PBXFileReference; lastKnownFileType = folder.assetcatalog; path = Images.xcassets; sourceTree = "<group>"; };
		277A225A18F0E220001C3461 /* TodosTests.xctest */ = {isa = PBXFileReference; explicitFileType = wrapper.cfbundle; includeInIndex = 0; path = TodosTests.xctest; sourceTree = BUILT_PRODUCTS_DIR; };
		277A225B18F0E220001C3461 /* XCTest.framework */ = {isa = PBXFileReference; lastKnownFileType = wrapper.framework; name = XCTest.framework; path = Library/Frameworks/XCTest.framework; sourceTree = DEVELOPER_DIR; };
		277A226418F0E220001C3461 /* TodosTests-Info.plist */ = {isa = PBXFileReference; lastKnownFileType = text.plist.xml; path = "TodosTests-Info.plist"; sourceTree = "<group>"; };
		277A226618F0E220001C3461 /* en */ = {isa = PBXFileReference; lastKnownFileType = text.plist.strings; name = en; path = en.lproj/InfoPlist.strings; sourceTree = "<group>"; };
		277A226818F0E220001C3461 /* TodosTests.m */ = {isa = PBXFileReference; lastKnownFileType = sourcecode.c.objc; path = TodosTests.m; sourceTree = "<group>"; };
/* End PBXFileReference section */

/* Begin PBXFrameworksBuildPhase section */
		277A222E18F0E21F001C3461 /* Frameworks */ = {
			isa = PBXFrameworksBuildPhase;
			buildActionMask = 2147483647;
			files = (
				277A223718F0E21F001C3461 /* CoreGraphics.framework in Frameworks */,
				277A223B18F0E220001C3461 /* CoreData.framework in Frameworks */,
				277A223918F0E21F001C3461 /* UIKit.framework in Frameworks */,
				277A223518F0E21F001C3461 /* Foundation.framework in Frameworks */,
			);
			runOnlyForDeploymentPostprocessing = 0;
		};
		277A225718F0E220001C3461 /* Frameworks */ = {
			isa = PBXFrameworksBuildPhase;
			buildActionMask = 2147483647;
			files = (
				277A225C18F0E220001C3461 /* XCTest.framework in Frameworks */,
				277A225F18F0E220001C3461 /* CoreData.framework in Frameworks */,
				277A225E18F0E220001C3461 /* UIKit.framework in Frameworks */,
				277A225D18F0E220001C3461 /* Foundation.framework in Frameworks */,
			);
			runOnlyForDeploymentPostprocessing = 0;
		};
/* End PBXFrameworksBuildPhase section */

/* Begin PBXGroup section */
		277A222818F0E21F001C3461 = {
			isa = PBXGroup;
			children = (
				277A223C18F0E220001C3461 /* Todos */,
				277A226218F0E220001C3461 /* TodosTests */,
				277A223318F0E21F001C3461 /* Frameworks */,
				277A223218F0E21F001C3461 /* Products */,
			);
			sourceTree = "<group>";
		};
		277A223218F0E21F001C3461 /* Products */ = {
			isa = PBXGroup;
			children = (
				277A223118F0E21F001C3461 /* Todos.app */,
				277A225A18F0E220001C3461 /* TodosTests.xctest */,
			);
			name = Products;
			sourceTree = "<group>";
		};
		277A223318F0E21F001C3461 /* Frameworks */ = {
			isa = PBXGroup;
			children = (
				277A223418F0E21F001C3461 /* Foundation.framework */,
				277A223618F0E21F001C3461 /* CoreGraphics.framework */,
				277A223818F0E21F001C3461 /* UIKit.framework */,
				277A223A18F0E220001C3461 /* CoreData.framework */,
				277A225B18F0E220001C3461 /* XCTest.framework */,
			);
			name = Frameworks;
			sourceTree = "<group>";
		};
		277A223C18F0E220001C3461 /* Todos */ = {
			isa = PBXGroup;
			children = (
				277A224518F0E220001C3461 /* TodosAppDelegate.h */,
				277A224618F0E220001C3461 /* TodosAppDelegate.m */,
				277A224818F0E220001C3461 /* Main.storyboard */,
				277A224E18F0E220001C3461 /* TodosMasterViewController.h */,
				277A224F18F0E220001C3461 /* TodosMasterViewController.m */,
				277A225118F0E220001C3461 /* TodosDetailViewController.h */,
				277A225218F0E220001C3461 /* TodosDetailViewController.m */,
				277A225418F0E220001C3461 /* Images.xcassets */,
				277A224B18F0E220001C3461 /* Todos.xcdatamodeld */,
				277A223D18F0E220001C3461 /* Supporting Files */,
			);
			path = Todos;
			sourceTree = "<group>";
		};
		277A223D18F0E220001C3461 /* Supporting Files */ = {
			isa = PBXGroup;
			children = (
				277A223E18F0E220001C3461 /* Todos-Info.plist */,
				277A223F18F0E220001C3461 /* InfoPlist.strings */,
				277A224218F0E220001C3461 /* main.m */,
				277A224418F0E220001C3461 /* Todos-Prefix.pch */,
			);
			name = "Supporting Files";
			sourceTree = "<group>";
		};
		277A226218F0E220001C3461 /* TodosTests */ = {
			isa = PBXGroup;
			children = (
				277A226818F0E220001C3461 /* TodosTests.m */,
				277A226318F0E220001C3461 /* Supporting Files */,
			);
			path = TodosTests;
			sourceTree = "<group>";
		};
		277A226318F0E220001C3461 /* Supporting Files */ = {
			isa = PBXGroup;
			children = (
				277A226418F0E220001C3461 /* TodosTests-Info.plist */,
				277A226518F0E220001C3461 /* InfoPlist.strings */,
			);
			name = "Supporting Files";
			sourceTree = "<group>";
		};
/* End PBXGroup section */

/* Begin PBXNativeTarget section */
		277A223018F0E21F001C3461 /* Todos */ = {
			isa = PBXNativeTarget;
			buildConfigurationList = 277A226C18F0E220001C3461 /* Build configuration list for PBXNativeTarget "Todos" */;
			buildPhases = (
				277A222D18F0E21F001C3461 /* Sources */,
				277A222E18F0E21F001C3461 /* Frameworks */,
				277A222F18F0E21F001C3461 /* Resources */,
			);
			buildRules = (
			);
			dependencies = (
			);
			name = Todos;
			productName = Todos;
			productReference = 277A223118F0E21F001C3461 /* Todos.app */;
			productType = "com.apple.product-type.application";
		};
		277A225918F0E220001C3461 /* TodosTests */ = {
			isa = PBXNativeTarget;
			buildConfigurationList = 277A226F18F0E220001C3461 /* Build configuration list for PBXNativeTarget "TodosTests" */;
			buildPhases = (
				277A225618F0E220001C3461 /* Sources */,
				277A225718F0E220001C3461 /* Frameworks */,
				277A225818F0E220001C3461 /* Resources */,
			);
			buildRules = (
			);
			dependencies = (
				277A226118F0E220001C3461 /* PBXTargetDependency */,
			);
			name = TodosTests;
			productName = TodosTests;
			productReference = 277A225A18F0E220001C3461 /* TodosTests.xctest */;
			productType = "com.apple.product-type.bundle.unit-test";
		};
/* End PBXNativeTarget section */

/* Begin PBXProject section */
		277A222918F0E21F001C3461 /* Project object */ = {
			isa = PBXProject;
			attributes = {
				CLASSPREFIX = Todos;
				LastUpgradeCheck = 0510;
				ORGANIZATIONNAME = "Minh Luu";
				TargetAttributes = {
					277A225918F0E220001C3461 = {
						TestTargetID = 277A223018F0E21F001C3461;
					};
				};
			};
			buildConfigurationList = 277A222C18F0E21F001C3461 /* Build configuration list for PBXProject "Todos" */;
			compatibilityVersion = "Xcode 3.2";
			developmentRegion = English;
			hasScannedForEncodings = 0;
			knownRegions = (
				en,
				Base,
			);
			mainGroup = 277A222818F0E21F001C3461;
			productRefGroup = 277A223218F0E21F001C3461 /* Products */;
			projectDirPath = "";
			projectRoot = "";
			targets = (
				277A223018F0E21F001C3461 /* Todos */,
				277A225918F0E220001C3461 /* TodosTests */,
			);
		};
/* End PBXProject section */

/* Begin PBXResourcesBuildPhase section */
		277A222F18F0E21F001C3461 /* Resources */ = {
			isa = PBXResourcesBuildPhase;
			buildActionMask = 2147483647;
			files = (
				277A225518F0E220001C3461 /* Images.xcassets in Resources */,
				277A224118F0E220001C3461 /* InfoPlist.strings in Resources */,
				277A224A18F0E220001C3461 /* Main.storyboard in Resources */,
			);
			runOnlyForDeploymentPostprocessing = 0;
		};
		277A225818F0E220001C3461 /* Resources */ = {
			isa = PBXResourcesBuildPhase;
			buildActionMask = 2147483647;
			files = (
				277A226718F0E220001C3461 /* InfoPlist.strings in Resources */,
			);
			runOnlyForDeploymentPostprocessing = 0;
		};
/* End PBXResourcesBuildPhase section */

/* Begin PBXSourcesBuildPhase section */
		277A222D18F0E21F001C3461 /* Sources */ = {
			isa = PBXSourcesBuildPhase;
			buildActionMask = 2147483647;
			files = (
				277A224718F0E220001C3461 /* TodosAppDelegate.m in Sources */,
				277A224D18F0E220001C3461 /* Todos.xcdatamodeld in Sources */,
				277A225318F0E220001C3461 /* TodosDetailViewController.m in Sources */,
				277A225018F0E220001C3461 /* TodosMasterViewController.m in Sources */,
				277A224318F0E220001C3461 /* main.m in Sources */,
			);
			runOnlyForDeploymentPostprocessing = 0;
		};
		277A225618F0E220001C3461 /* Sources */ = {
			isa = PBXSourcesBuildPhase;
			buildActionMask = 2147483647;
			files = (
				277A226918F0E220001C3461 /* TodosTests.m in Sources */,
			);
			runOnlyForDeploymentPostprocessing = 0;
		};
/* End PBXSourcesBuildPhase section */

/* Begin PBXTargetDependency section */
		277A226118F0E220001C3461 /* PBXTargetDependency */ = {
			isa = PBXTargetDependency;
			target = 277A223018F0E21F001C3461 /* Todos */;
			targetProxy = 277A226018F0E220001C3461 /* PBXContainerItemProxy */;
		};
/* End PBXTargetDependency section */

/* Begin PBXVariantGroup section */
		277A223F18F0E220001C3461 /* InfoPlist.strings */ = {
			isa = PBXVariantGroup;
			children = (
				277A224018F0E220001C3461 /* en */,
			);
			name = InfoPlist.strings;
			sourceTree = "<group>";
		};
		277A224818F0E220001C3461 /* Main.storyboard */ = {
			isa = PBXVariantGroup;
			children = (
				277A224918F0E220001C3461 /* Base */,
			);
			name = Main.storyboard;
			sourceTree = "<group>";
		};
		277A226518F0E220001C3461 /* InfoPlist.strings */ = {
			isa = PBXVariantGroup;
			children = (
				277A226618F0E220001C3461 /* en */,
			);
			name = InfoPlist.strings;
			sourceTree = "<group>";
		};
/* End PBXVariantGroup section */

/* Begin XCBuildConfiguration section */
		277A226A18F0E220001C3461 /* Debug */ = {
			isa = XCBuildConfiguration;
			buildSettings = {
				ALWAYS_SEARCH_USER_PATHS = NO;
				CLANG_CXX_LANGUAGE_STANDARD = "gnu++0x";
				CLANG_CXX_LIBRARY = "libc++";
				CLANG_ENABLE_MODULES = YES;
				CLANG_ENABLE_OBJC_ARC = YES;
				CLANG_WARN_BOOL_CONVERSION = YES;
				CLANG_WARN_CONSTANT_CONVERSION = YES;
				CLANG_WARN_DIRECT_OBJC_ISA_USAGE = YES_ERROR;
				CLANG_WARN_EMPTY_BODY = YES;
				CLANG_WARN_ENUM_CONVERSION = YES;
				CLANG_WARN_INT_CONVERSION = YES;
				CLANG_WARN_OBJC_ROOT_CLASS = YES_ERROR;
				CLANG_WARN__DUPLICATE_METHOD_MATCH = YES;
				"CODE_SIGN_IDENTITY[sdk=iphoneos*]" = "iPhone Developer";
				COPY_PHASE_STRIP = NO;
				GCC_C_LANGUAGE_STANDARD = gnu99;
				GCC_DYNAMIC_NO_PIC = NO;
				GCC_OPTIMIZATION_LEVEL = 0;
				GCC_PREPROCESSOR_DEFINITIONS = (
					"DEBUG=1",
					"$(inherited)",
				);
				GCC_SYMBOLS_PRIVATE_EXTERN = NO;
				GCC_WARN_64_TO_32_BIT_CONVERSION = YES;
				GCC_WARN_ABOUT_RETURN_TYPE = YES_ERROR;
				GCC_WARN_UNDECLARED_SELECTOR = YES;
				GCC_WARN_UNINITIALIZED_AUTOS = YES_AGGRESSIVE;
				GCC_WARN_UNUSED_FUNCTION = YES;
				GCC_WARN_UNUSED_VARIABLE = YES;
				IPHONEOS_DEPLOYMENT_TARGET = 7.1;
				ONLY_ACTIVE_ARCH = YES;
				SDKROOT = iphoneos;
			};
			name = Debug;
		};
		277A226B18F0E220001C3461 /* Release */ = {
			isa = XCBuildConfiguration;
			buildSettings = {
				ALWAYS_SEARCH_USER_PATHS = NO;
				CLANG_CXX_LANGUAGE_STANDARD = "gnu++0x";
				CLANG_CXX_LIBRARY = "libc++";
				CLANG_ENABLE_MODULES = YES;
				CLANG_ENABLE_OBJC_ARC = YES;
				CLANG_WARN_BOOL_CONVERSION = YES;
				CLANG_WARN_CONSTANT_CONVERSION = YES;
				CLANG_WARN_DIRECT_OBJC_ISA_USAGE = YES_ERROR;
				CLANG_WARN_EMPTY_BODY = YES;
				CLANG_WARN_ENUM_CONVERSION = YES;
				CLANG_WARN_INT_CONVERSION = YES;
				CLANG_WARN_OBJC_ROOT_CLASS = YES_ERROR;
				CLANG_WARN__DUPLICATE_METHOD_MATCH = YES;
				"CODE_SIGN_IDENTITY[sdk=iphoneos*]" = "iPhone Developer";
				COPY_PHASE_STRIP = YES;
				ENABLE_NS_ASSERTIONS = NO;
				GCC_C_LANGUAGE_STANDARD = gnu99;
				GCC_WARN_64_TO_32_BIT_CONVERSION = YES;
				GCC_WARN_ABOUT_RETURN_TYPE = YES_ERROR;
				GCC_WARN_UNDECLARED_SELECTOR = YES;
				GCC_WARN_UNINITIALIZED_AUTOS = YES_AGGRESSIVE;
				GCC_WARN_UNUSED_FUNCTION = YES;
				GCC_WARN_UNUSED_VARIABLE = YES;
				IPHONEOS_DEPLOYMENT_TARGET = 7.1;
				SDKROOT = iphoneos;
				VALIDATE_PRODUCT = YES;
			};
			name = Release;
		};
		277A226D18F0E220001C3461 /* Debug */ = {
			isa = XCBuildConfiguration;
			buildSettings = {
				ASSETCATALOG_COMPILER_APPICON_NAME = AppIcon;
				ASSETCATALOG_COMPILER_LAUNCHIMAGE_NAME = LaunchImage;
				GCC_PRECOMPILE_PREFIX_HEADER = YES;
				GCC_PREFIX_HEADER = "Todos/Todos-Prefix.pch";
				INFOPLIST_FILE = "Todos/Todos-Info.plist";
				PRODUCT_NAME = "$(TARGET_NAME)";
				WRAPPER_EXTENSION = app;
			};
			name = Debug;
		};
		277A226E18F0E220001C3461 /* Release */ = {
			isa = XCBuildConfiguration;
			buildSettings = {
				ASSETCATALOG_COMPILER_APPICON_NAME = AppIcon;
				ASSETCATALOG_COMPILER_LAUNCHIMAGE_NAME = LaunchImage;
				GCC_PRECOMPILE_PREFIX_HEADER = YES;
				GCC_PREFIX_HEADER = "Todos/Todos-Prefix.pch";
				INFOPLIST_FILE = "Todos/Todos-Info.plist";
				PRODUCT_NAME = "$(TARGET_NAME)";
				WRAPPER_EXTENSION = app;
			};
			name = Release;
		};
		277A227018F0E220001C3461 /* Debug */ = {
			isa = XCBuildConfiguration;
			buildSettings = {
				BUNDLE_LOADER = "$(BUILT_PRODUCTS_DIR)/Todos.app/Todos";
				FRAMEWORK_SEARCH_PATHS = (
					"$(SDKROOT)/Developer/Library/Frameworks",
					"$(inherited)",
					"$(DEVELOPER_FRAMEWORKS_DIR)",
				);
				GCC_PRECOMPILE_PREFIX_HEADER = YES;
				GCC_PREFIX_HEADER = "Todos/Todos-Prefix.pch";
				GCC_PREPROCESSOR_DEFINITIONS = (
					"DEBUG=1",
					"$(inherited)",
				);
				INFOPLIST_FILE = "TodosTests/TodosTests-Info.plist";
				PRODUCT_NAME = "$(TARGET_NAME)";
				TEST_HOST = "$(BUNDLE_LOADER)";
				WRAPPER_EXTENSION = xctest;
			};
			name = Debug;
		};
		277A227118F0E220001C3461 /* Release */ = {
			isa = XCBuildConfiguration;
			buildSettings = {
				BUNDLE_LOADER = "$(BUILT_PRODUCTS_DIR)/Todos.app/Todos";
				FRAMEWORK_SEARCH_PATHS = (
					"$(SDKROOT)/Developer/Library/Frameworks",
					"$(inherited)",
					"$(DEVELOPER_FRAMEWORKS_DIR)",
				);
				GCC_PRECOMPILE_PREFIX_HEADER = YES;
				GCC_PREFIX_HEADER = "Todos/Todos-Prefix.pch";
				INFOPLIST_FILE = "TodosTests/TodosTests-Info.plist";
				PRODUCT_NAME = "$(TARGET_NAME)";
				TEST_HOST = "$(BUNDLE_LOADER)";
				WRAPPER_EXTENSION = xctest;
			};
			name = Release;
		};
/* End XCBuildConfiguration section */

/* Begin XCConfigurationList section */
		277A222C18F0E21F001C3461 /* Build configuration list for PBXProject "Todos" */ = {
			isa = XCConfigurationList;
			buildConfigurations = (
				277A226A18F0E220001C3461 /* Debug */,
				277A226B18F0E220001C3461 /* Release */,
			);
			defaultConfigurationIsVisible = 0;
			defaultConfigurationName = Release;
		};
		277A226C18F0E220001C3461 /* Build configuration list for PBXNativeTarget "Todos" */ = {
			isa = XCConfigurationList;
			buildConfigurations = (
				277A226D18F0E220001C3461 /* Debug */,
				277A226E18F0E220001C3461 /* Release */,
			);
			defaultConfigurationIsVisible = 0;
		};
		277A226F18F0E220001C3461 /* Build configuration list for PBXNativeTarget "TodosTests" */ = {
			isa = XCConfigurationList;
			buildConfigurations = (
				277A227018F0E220001C3461 /* Debug */,
				277A227118F0E220001C3461 /* Release */,
			);
			defaultConfigurationIsVisible = 0;
		};
/* End XCConfigurationList section */

/* Begin XCVersionGroup section */
		277A224B18F0E220001C3461 /* Todos.xcdatamodeld */ = {
			isa = XCVersionGroup;
			children = (
				277A224C18F0E220001C3461 /* Todos.xcdatamodel */,
			);
			currentVersion = 277A224C18F0E220001C3461 /* Todos.xcdatamodel */;
			path = Todos.xcdatamodeld;
			sourceTree = "<group>";
			versionGroupType = wrapper.xcdatamodel;
		};
/* End XCVersionGroup section */
	};
	rootObject = 277A222918F0E21F001C3461 /* Project object */;
}
